
Microsoft Visual Studio Solution File, Format Version 12.00
# Visual Studio Version 17
VisualStudioVersion = 17.3.32929.385
MinimumVisualStudioVersion = 10.0.40219.1
Project("{FAE04EC0-301F-11D3-BF4B-00C04F79EFBC}") = "MyFirstRestAPI", "MyFirstRestAPI.csproj", "{0C580182-1C8F-4AD5-9D39-CD8732A03D61}"
EndProject
Global
	GlobalSection(SolutionConfigurationPlatforms) = preSolution
		Debug|Any CPU = Debug|Any CPU
		Release|Any CPU = Release|Any CPU
	EndGlobalSection
	GlobalSection(ProjectConfigurationPlatforms) = postSolution
		{0C580182-1C8F-4AD5-9D39-CD8732A03D61}.Debug|Any CPU.ActiveCfg = Debug|Any CPU
		{0C580182-1C8F-4AD5-9D39-CD8732A03D61}.Debug|Any CPU.Build.0 = Debug|Any CPU
		{0C580182-1C8F-4AD5-9D39-CD8732A03D61}.Release|Any CPU.ActiveCfg = Release|Any CPU
		{0C580182-1C8F-4AD5-9D39-CD8732A03D61}.Release|Any CPU.Build.0 = Release|Any CPU
	EndGlobalSection
	GlobalSection(SolutionProperties) = preSolution
		HideSolutionNode = FALSE
	EndGlobalSection
	GlobalSection(ExtensibilityGlobals) = postSolution
		SolutionGuid = {2F0A8537-5AEA-485C-B6F8-7C5FFF8653F7}
	EndGlobalSection
EndGlobal
